
Microsoft Visual Studio Solution File, Format Version 12.00
# Visual Studio 15
VisualStudioVersion = 15.0.28010.2050
MinimumVisualStudioVersion = 10.0.40219.1
Project("{159641D6-6404-4A2A-AE62-294DE0FE8301}") = "ISP-04", "ISP-04\ISP-04.dtproj", "{19DF75C9-AB96-4033-924D-5718273F9E15}"
EndProject
Global
	GlobalSection(SolutionConfigurationPlatforms) = preSolution
		Development|Default = Development|Default
	EndGlobalSection
	GlobalSection(ProjectConfigurationPlatforms) = postSolution
		{19DF75C9-AB96-4033-924D-5718273F9E15}.Development|Default.ActiveCfg = Development
		{19DF75C9-AB96-4033-924D-5718273F9E15}.Development|Default.Build.0 = Development
	EndGlobalSection
	GlobalSection(SolutionProperties) = preSolution
		HideSolutionNode = FALSE
	EndGlobalSection
	GlobalSection(ExtensibilityGlobals) = postSolution
		SolutionGuid = {6F35D28A-526D-444A-8F3C-226B150A7AFF}
	EndGlobalSection
EndGlobal
